// !$*UTF8*$!
{
	archiveVersion = 1;
	classes = {
	};
	objectVersion = 50;
	objects = {

/* Begin PBXBuildFile section */
		687A00A121B8547100B03EB9 /* VineNode.swift in Sources */ = {isa = PBXBuildFile; fileRef = 687A00A021B8547100B03EB9 /* VineNode.swift */; };
		68B67FE121B8278A00A37C5A /* AppDelegate.swift in Sources */ = {isa = PBXBuildFile; fileRef = 68B67FE021B8278A00A37C5A /* AppDelegate.swift */; };
		68B67FE321B8278A00A37C5A /* GameScene.sks in Resources */ = {isa = PBXBuildFile; fileRef = 68B67FE221B8278A00A37C5A /* GameScene.sks */; };
		68B67FE521B8278A00A37C5A /* Actions.sks in Resources */ = {isa = PBXBuildFile; fileRef = 68B67FE421B8278A00A37C5A /* Actions.sks */; };
		68B67FE721B8278A00A37C5A /* GameScene.swift in Sources */ = {isa = PBXBuildFile; fileRef = 68B67FE621B8278A00A37C5A /* GameScene.swift */; };
		68B67FE921B8278A00A37C5A /* GameViewController.swift in Sources */ = {isa = PBXBuildFile; fileRef = 68B67FE821B8278A00A37C5A /* GameViewController.swift */; };
		68B67FEC21B8278A00A37C5A /* Main.storyboard in Resources */ = {isa = PBXBuildFile; fileRef = 68B67FEA21B8278A00A37C5A /* Main.storyboard */; };
		68B67FEE21B8278C00A37C5A /* Assets.xcassets in Resources */ = {isa = PBXBuildFile; fileRef = 68B67FED21B8278C00A37C5A /* Assets.xcassets */; };
		68B67FF121B8278C00A37C5A /* LaunchScreen.storyboard in Resources */ = {isa = PBXBuildFile; fileRef = 68B67FEF21B8278C00A37C5A /* LaunchScreen.storyboard */; };
		68B6800421B8281600A37C5A /* Level-01.plist in Resources */ = {isa = PBXBuildFile; fileRef = 68B67FFA21B8281600A37C5A /* Level-01.plist */; };
		68B6800521B8281600A37C5A /* Particle.png in Resources */ = {isa = PBXBuildFile; fileRef = 68B67FFC21B8281600A37C5A /* Particle.png */; };
		68B6800621B8281600A37C5A /* Particle.sks in Resources */ = {isa = PBXBuildFile; fileRef = 68B67FFD21B8281600A37C5A /* Particle.sks */; };
		68B6800721B8281600A37C5A /* Particle@2x.png in Resources */ = {isa = PBXBuildFile; fileRef = 68B67FFE21B8281600A37C5A /* Particle@2x.png */; };
		68B6800821B8281600A37C5A /* CheeZeeJungle.caf in Resources */ = {isa = PBXBuildFile; fileRef = 68B6800021B8281600A37C5A /* CheeZeeJungle.caf */; };
		68B6800921B8281600A37C5A /* NomNom.caf in Resources */ = {isa = PBXBuildFile; fileRef = 68B6800121B8281600A37C5A /* NomNom.caf */; };
		68B6800A21B8281600A37C5A /* Slice.caf in Resources */ = {isa = PBXBuildFile; fileRef = 68B6800221B8281600A37C5A /* Slice.caf */; };
		68B6800B21B8281600A37C5A /* Splash.caf in Resources */ = {isa = PBXBuildFile; fileRef = 68B6800321B8281600A37C5A /* Splash.caf */; };
		68B6801121B8299900A37C5A /* Constants.swift in Sources */ = {isa = PBXBuildFile; fileRef = 68B6801021B8299900A37C5A /* Constants.swift */; };
/* End PBXBuildFile section */

/* Begin PBXFileReference section */
		687A00A021B8547100B03EB9 /* VineNode.swift */ = {isa = PBXFileReference; lastKnownFileType = sourcecode.swift; path = VineNode.swift; sourceTree = "<group>"; };
		68B67FDD21B8278A00A37C5A /* FeedMe.app */ = {isa = PBXFileReference; explicitFileType = wrapper.application; includeInIndex = 0; path = FeedMe.app; sourceTree = BUILT_PRODUCTS_DIR; };
		68B67FE021B8278A00A37C5A /* AppDelegate.swift */ = {isa = PBXFileReference; lastKnownFileType = sourcecode.swift; path = AppDelegate.swift; sourceTree = "<group>"; };
		68B67FE221B8278A00A37C5A /* GameScene.sks */ = {isa = PBXFileReference; lastKnownFileType = file.sks; path = GameScene.sks; sourceTree = "<group>"; };
		68B67FE421B8278A00A37C5A /* Actions.sks */ = {isa = PBXFileReference; lastKnownFileType = file.sks; path = Actions.sks; sourceTree = "<group>"; };
		68B67FE621B8278A00A37C5A /* GameScene.swift */ = {isa = PBXFileReference; lastKnownFileType = sourcecode.swift; path = GameScene.swift; sourceTree = "<group>"; };
		68B67FE821B8278A00A37C5A /* GameViewController.swift */ = {isa = PBXFileReference; lastKnownFileType = sourcecode.swift; path = GameViewController.swift; sourceTree = "<group>"; };
		68B67FEB21B8278A00A37C5A /* Base */ = {isa = PBXFileReference; lastKnownFileType = file.storyboard; name = Base; path = Base.lproj/Main.storyboard; sourceTree = "<group>"; };
		68B67FED21B8278C00A37C5A /* Assets.xcassets */ = {isa = PBXFileReference; lastKnownFileType = folder.assetcatalog; path = Assets.xcassets; sourceTree = "<group>"; };
		68B67FF021B8278C00A37C5A /* Base */ = {isa = PBXFileReference; lastKnownFileType = file.storyboard; name = Base; path = Base.lproj/LaunchScreen.storyboard; sourceTree = "<group>"; };
		68B67FF221B8278C00A37C5A /* Info.plist */ = {isa = PBXFileReference; lastKnownFileType = text.plist.xml; path = Info.plist; sourceTree = "<group>"; };
		68B67FFA21B8281600A37C5A /* Level-01.plist */ = {isa = PBXFileReference; fileEncoding = 4; lastKnownFileType = text.plist.xml; path = "Level-01.plist"; sourceTree = "<group>"; };
		68B67FFC21B8281600A37C5A /* Particle.png */ = {isa = PBXFileReference; lastKnownFileType = image.png; path = Particle.png; sourceTree = "<group>"; };
		68B67FFD21B8281600A37C5A /* Particle.sks */ = {isa = PBXFileReference; lastKnownFileType = file.sks; path = Particle.sks; sourceTree = "<group>"; };
		68B67FFE21B8281600A37C5A /* Particle@2x.png */ = {isa = PBXFileReference; lastKnownFileType = image.png; path = "Particle@2x.png"; sourceTree = "<group>"; };
		68B6800021B8281600A37C5A /* CheeZeeJungle.caf */ = {isa = PBXFileReference; lastKnownFileType = file; path = CheeZeeJungle.caf; sourceTree = "<group>"; };
		68B6800121B8281600A37C5A /* NomNom.caf */ = {isa = PBXFileReference; lastKnownFileType = file; path = NomNom.caf; sourceTree = "<group>"; };
		68B6800221B8281600A37C5A /* Slice.caf */ = {isa = PBXFileReference; lastKnownFileType = file; path = Slice.caf; sourceTree = "<group>"; };
		68B6800321B8281600A37C5A /* Splash.caf */ = {isa = PBXFileReference; lastKnownFileType = file; path = Splash.caf; sourceTree = "<group>"; };
		68B6801021B8299900A37C5A /* Constants.swift */ = {isa = PBXFileReference; lastKnownFileType = sourcecode.swift; path = Constants.swift; sourceTree = "<group>"; };
/* End PBXFileReference section */

/* Begin PBXFrameworksBuildPhase section */
		68B67FDA21B8278A00A37C5A /* Frameworks */ = {
			isa = PBXFrameworksBuildPhase;
			buildActionMask = 2147483647;
			files = (
			);
			runOnlyForDeploymentPostprocessing = 0;
		};
/* End PBXFrameworksBuildPhase section */

/* Begin PBXGroup section */
		68B67FD421B8278A00A37C5A = {
			isa = PBXGroup;
			children = (
				68B6800F21B8296300A37C5A /* Classes */,
				68B6800E21B8295B00A37C5A /* Helpers */,
				68B67FF821B8281600A37C5A /* Resources */,
				68B67FDF21B8278A00A37C5A /* FeedMe */,
				68B67FDE21B8278A00A37C5A /* Products */,
			);
			sourceTree = "<group>";
		};
		68B67FDE21B8278A00A37C5A /* Products */ = {
			isa = PBXGroup;
			children = (
				68B67FDD21B8278A00A37C5A /* FeedMe.app */,
			);
			name = Products;
			sourceTree = "<group>";
		};
		68B67FDF21B8278A00A37C5A /* FeedMe */ = {
			isa = PBXGroup;
			children = (
				68B67FE021B8278A00A37C5A /* AppDelegate.swift */,
				68B67FE221B8278A00A37C5A /* GameScene.sks */,
				68B67FE421B8278A00A37C5A /* Actions.sks */,
				68B67FE621B8278A00A37C5A /* GameScene.swift */,
				68B67FE821B8278A00A37C5A /* GameViewController.swift */,
				68B67FEA21B8278A00A37C5A /* Main.storyboard */,
				68B67FED21B8278C00A37C5A /* Assets.xcassets */,
				68B67FEF21B8278C00A37C5A /* LaunchScreen.storyboard */,
				68B67FF221B8278C00A37C5A /* Info.plist */,
			);
			path = FeedMe;
			sourceTree = "<group>";
		};
		68B67FF821B8281600A37C5A /* Resources */ = {
			isa = PBXGroup;
			children = (
				68B67FF921B8281600A37C5A /* Data */,
				68B67FFB21B8281600A37C5A /* Particles */,
				68B67FFF21B8281600A37C5A /* Sounds */,
			);
			path = Resources;
			sourceTree = "<group>";
		};
		68B67FF921B8281600A37C5A /* Data */ = {
			isa = PBXGroup;
			children = (
				68B67FFA21B8281600A37C5A /* Level-01.plist */,
			);
			path = Data;
			sourceTree = "<group>";
		};
		68B67FFB21B8281600A37C5A /* Particles */ = {
			isa = PBXGroup;
			children = (
				68B67FFC21B8281600A37C5A /* Particle.png */,
				68B67FFD21B8281600A37C5A /* Particle.sks */,
				68B67FFE21B8281600A37C5A /* Particle@2x.png */,
			);
			path = Particles;
			sourceTree = "<group>";
		};
		68B67FFF21B8281600A37C5A /* Sounds */ = {
			isa = PBXGroup;
			children = (
				68B6800021B8281600A37C5A /* CheeZeeJungle.caf */,
				68B6800121B8281600A37C5A /* NomNom.caf */,
				68B6800221B8281600A37C5A /* Slice.caf */,
				68B6800321B8281600A37C5A /* Splash.caf */,
			);
			path = Sounds;
			sourceTree = "<group>";
		};
		68B6800E21B8295B00A37C5A /* Helpers */ = {
			isa = PBXGroup;
			children = (
				68B6801021B8299900A37C5A /* Constants.swift */,
			);
			path = Helpers;
			sourceTree = "<group>";
		};
		68B6800F21B8296300A37C5A /* Classes */ = {
			isa = PBXGroup;
			children = (
				687A00A021B8547100B03EB9 /* VineNode.swift */,
			);
			path = Classes;
			sourceTree = "<group>";
		};
/* End PBXGroup section */

/* Begin PBXNativeTarget section */
		68B67FDC21B8278A00A37C5A /* FeedMe */ = {
			isa = PBXNativeTarget;
			buildConfigurationList = 68B67FF521B8278C00A37C5A /* Build configuration list for PBXNativeTarget "FeedMe" */;
			buildPhases = (
				68B67FD921B8278A00A37C5A /* Sources */,
				68B67FDA21B8278A00A37C5A /* Frameworks */,
				68B67FDB21B8278A00A37C5A /* Resources */,
			);
			buildRules = (
			);
			dependencies = (
			);
			name = FeedMe;
			productName = FeedMe;
			productReference = 68B67FDD21B8278A00A37C5A /* FeedMe.app */;
			productType = "com.apple.product-type.application";
		};
/* End PBXNativeTarget section */

/* Begin PBXProject section */
		68B67FD521B8278A00A37C5A /* Project object */ = {
			isa = PBXProject;
			attributes = {
				LastSwiftUpdateCheck = 0940;
				LastUpgradeCheck = 0940;
				ORGANIZATIONNAME = 20083169;
				TargetAttributes = {
					68B67FDC21B8278A00A37C5A = {
						CreatedOnToolsVersion = 9.4.1;
					};
				};
			};
			buildConfigurationList = 68B67FD821B8278A00A37C5A /* Build configuration list for PBXProject "FeedMe" */;
			compatibilityVersion = "Xcode 9.3";
			developmentRegion = en;
			hasScannedForEncodings = 0;
			knownRegions = (
				en,
				Base,
			);
			mainGroup = 68B67FD421B8278A00A37C5A;
			productRefGroup = 68B67FDE21B8278A00A37C5A /* Products */;
			projectDirPath = "";
			projectRoot = "";
			targets = (
				68B67FDC21B8278A00A37C5A /* FeedMe */,
			);
		};
/* End PBXProject section */

/* Begin PBXResourcesBuildPhase section */
		68B67FDB21B8278A00A37C5A /* Resources */ = {
			isa = PBXResourcesBuildPhase;
			buildActionMask = 2147483647;
			files = (
				68B67FEC21B8278A00A37C5A /* Main.storyboard in Resources */,
				68B67FE321B8278A00A37C5A /* GameScene.sks in Resources */,
				68B6800421B8281600A37C5A /* Level-01.plist in Resources */,
				68B6800B21B8281600A37C5A /* Splash.caf in Resources */,
				68B6800821B8281600A37C5A /* CheeZeeJungle.caf in Resources */,
				68B6800521B8281600A37C5A /* Particle.png in Resources */,
				68B6800A21B8281600A37C5A /* Slice.caf in Resources */,
				68B6800921B8281600A37C5A /* NomNom.caf in Resources */,
				68B67FEE21B8278C00A37C5A /* Assets.xcassets in Resources */,
				68B67FF121B8278C00A37C5A /* LaunchScreen.storyboard in Resources */,
				68B67FE521B8278A00A37C5A /* Actions.sks in Resources */,
				68B6800621B8281600A37C5A /* Particle.sks in Resources */,
				68B6800721B8281600A37C5A /* Particle@2x.png in Resources */,
			);
			runOnlyForDeploymentPostprocessing = 0;
		};
/* End PBXResourcesBuildPhase section */

/* Begin PBXSourcesBuildPhase section */
		68B67FD921B8278A00A37C5A /* Sources */ = {
			isa = PBXSourcesBuildPhase;
			buildActionMask = 2147483647;
			files = (
				68B67FE721B8278A00A37C5A /* GameScene.swift in Sources */,
				68B67FE921B8278A00A37C5A /* GameViewController.swift in Sources */,
				68B67FE121B8278A00A37C5A /* AppDelegate.swift in Sources */,
				687A00A121B8547100B03EB9 /* VineNode.swift in Sources */,
				68B6801121B8299900A37C5A /* Constants.swift in Sources */,
			);
			runOnlyForDeploymentPostprocessing = 0;
		};
/* End PBXSourcesBuildPhase section */

/* Begin PBXVariantGroup section */
		68B67FEA21B8278A00A37C5A /* Main.storyboard */ = {
			isa = PBXVariantGroup;
			children = (
				68B67FEB21B8278A00A37C5A /* Base */,
			);
			name = Main.storyboard;
			sourceTree = "<group>";
		};
		68B67FEF21B8278C00A37C5A /* LaunchScreen.storyboard */ = {
			isa = PBXVariantGroup;
			children = (
				68B67FF021B8278C00A37C5A /* Base */,
			);
			name = LaunchScreen.storyboard;
			sourceTree = "<group>";
		};
/* End PBXVariantGroup section */

/* Begin XCBuildConfiguration section */
		68B67FF321B8278C00A37C5A /* Debug */ = {
			isa = XCBuildConfiguration;
			buildSettings = {
				ALWAYS_SEARCH_USER_PATHS = NO;
				CLANG_ANALYZER_NONNULL = YES;
				CLANG_ANALYZER_NUMBER_OBJECT_CONVERSION = YES_AGGRESSIVE;
				CLANG_CXX_LANGUAGE_STANDARD = "gnu++14";
				CLANG_CXX_LIBRARY = "libc++";
				CLANG_ENABLE_MODULES = YES;
				CLANG_ENABLE_OBJC_ARC = YES;
				CLANG_ENABLE_OBJC_WEAK = YES;
				CLANG_WARN_BLOCK_CAPTURE_AUTORELEASING = YES;
				CLANG_WARN_BOOL_CONVERSION = YES;
				CLANG_WARN_COMMA = YES;
				CLANG_WARN_CONSTANT_CONVERSION = YES;
				CLANG_WARN_DEPRECATED_OBJC_IMPLEMENTATIONS = YES;
				CLANG_WARN_DIRECT_OBJC_ISA_USAGE = YES_ERROR;
				CLANG_WARN_DOCUMENTATION_COMMENTS = YES;
				CLANG_WARN_EMPTY_BODY = YES;
				CLANG_WARN_ENUM_CONVERSION = YES;
				CLANG_WARN_INFINITE_RECURSION = YES;
				CLANG_WARN_INT_CONVERSION = YES;
				CLANG_WARN_NON_LITERAL_NULL_CONVERSION = YES;
				CLANG_WARN_OBJC_IMPLICIT_RETAIN_SELF = YES;
				CLANG_WARN_OBJC_LITERAL_CONVERSION = YES;
				CLANG_WARN_OBJC_ROOT_CLASS = YES_ERROR;
				CLANG_WARN_RANGE_LOOP_ANALYSIS = YES;
				CLANG_WARN_STRICT_PROTOTYPES = YES;
				CLANG_WARN_SUSPICIOUS_MOVE = YES;
				CLANG_WARN_UNGUARDED_AVAILABILITY = YES_AGGRESSIVE;
				CLANG_WARN_UNREACHABLE_CODE = YES;
				CLANG_WARN__DUPLICATE_METHOD_MATCH = YES;
				CODE_SIGN_IDENTITY = "iPhone Developer";
				COPY_PHASE_STRIP = NO;
				DEBUG_INFORMATION_FORMAT = dwarf;
				ENABLE_STRICT_OBJC_MSGSEND = YES;
				ENABLE_TESTABILITY = YES;
				GCC_C_LANGUAGE_STANDARD = gnu11;
				GCC_DYNAMIC_NO_PIC = NO;
				GCC_NO_COMMON_BLOCKS = YES;
				GCC_OPTIMIZATION_LEVEL = 0;
				GCC_PREPROCESSOR_DEFINITIONS = (
					"DEBUG=1",
					"$(inherited)",
				);
				GCC_WARN_64_TO_32_BIT_CONVERSION = YES;
				GCC_WARN_ABOUT_RETURN_TYPE = YES_ERROR;
				GCC_WARN_UNDECLARED_SELECTOR = YES;
				GCC_WARN_UNINITIALIZED_AUTOS = YES_AGGRESSIVE;
				GCC_WARN_UNUSED_FUNCTION = YES;
				GCC_WARN_UNUSED_VARIABLE = YES;
				IPHONEOS_DEPLOYMENT_TARGET = 11.4;
				MTL_ENABLE_DEBUG_INFO = YES;
				ONLY_ACTIVE_ARCH = YES;
				SDKROOT = iphoneos;
				SWIFT_ACTIVE_COMPILATION_CONDITIONS = DEBUG;
				SWIFT_OPTIMIZATION_LEVEL = "-Onone";
			};
			name = Debug;
		};
		68B67FF421B8278C00A37C5A /* Release */ = {
			isa = XCBuildConfiguration;
			buildSettings = {
				ALWAYS_SEARCH_USER_PATHS = NO;
				CLANG_ANALYZER_NONNULL = YES;
				CLANG_ANALYZER_NUMBER_OBJECT_CONVERSION = YES_AGGRESSIVE;
				CLANG_CXX_LANGUAGE_STANDARD = "gnu++14";
				CLANG_CXX_LIBRARY = "libc++";
				CLANG_ENABLE_MODULES = YES;
				CLANG_ENABLE_OBJC_ARC = YES;
				CLANG_ENABLE_OBJC_WEAK = YES;
				CLANG_WARN_BLOCK_CAPTURE_AUTORELEASING = YES;
				CLANG_WARN_BOOL_CONVERSION = YES;
				CLANG_WARN_COMMA = YES;
				CLANG_WARN_CONSTANT_CONVERSION = YES;
				CLANG_WARN_DEPRECATED_OBJC_IMPLEMENTATIONS = YES;
				CLANG_WARN_DIRECT_OBJC_ISA_USAGE = YES_ERROR;
				CLANG_WARN_DOCUMENTATION_COMMENTS = YES;
				CLANG_WARN_EMPTY_BODY = YES;
				CLANG_WARN_ENUM_CONVERSION = YES;
				CLANG_WARN_INFINITE_RECURSION = YES;
				CLANG_WARN_INT_CONVERSION = YES;
				CLANG_WARN_NON_LITERAL_NULL_CONVERSION = YES;
				CLANG_WARN_OBJC_IMPLICIT_RETAIN_SELF = YES;
				CLANG_WARN_OBJC_LITERAL_CONVERSION = YES;
				CLANG_WARN_OBJC_ROOT_CLASS = YES_ERROR;
				CLANG_WARN_RANGE_LOOP_ANALYSIS = YES;
				CLANG_WARN_STRICT_PROTOTYPES = YES;
				CLANG_WARN_SUSPICIOUS_MOVE = YES;
				CLANG_WARN_UNGUARDED_AVAILABILITY = YES_AGGRESSIVE;
				CLANG_WARN_UNREACHABLE_CODE = YES;
				CLANG_WARN__DUPLICATE_METHOD_MATCH = YES;
				CODE_SIGN_IDENTITY = "iPhone Developer";
				COPY_PHASE_STRIP = NO;
				DEBUG_INFORMATION_FORMAT = "dwarf-with-dsym";
				ENABLE_NS_ASSERTIONS = NO;
				ENABLE_STRICT_OBJC_MSGSEND = YES;
				GCC_C_LANGUAGE_STANDARD = gnu11;
				GCC_NO_COMMON_BLOCKS = YES;
				GCC_WARN_64_TO_32_BIT_CONVERSION = YES;
				GCC_WARN_ABOUT_RETURN_TYPE = YES_ERROR;
				GCC_WARN_UNDECLARED_SELECTOR = YES;
				GCC_WARN_UNINITIALIZED_AUTOS = YES_AGGRESSIVE;
				GCC_WARN_UNUSED_FUNCTION = YES;
				GCC_WARN_UNUSED_VARIABLE = YES;
				IPHONEOS_DEPLOYMENT_TARGET = 11.4;
				MTL_ENABLE_DEBUG_INFO = NO;
				SDKROOT = iphoneos;
				SWIFT_COMPILATION_MODE = wholemodule;
				SWIFT_OPTIMIZATION_LEVEL = "-O";
				VALIDATE_PRODUCT = YES;
			};
			name = Release;
		};
		68B67FF621B8278C00A37C5A /* Debug */ = {
			isa = XCBuildConfiguration;
			buildSettings = {
				ASSETCATALOG_COMPILER_APPICON_NAME = AppIcon;
				CODE_SIGN_STYLE = Automatic;
				INFOPLIST_FILE = FeedMe/Info.plist;
				LD_RUNPATH_SEARCH_PATHS = (
					"$(inherited)",
					"@executable_path/Frameworks",
				);
				PRODUCT_BUNDLE_IDENTIFIER = com.onur.FeedMe;
				PRODUCT_NAME = "$(TARGET_NAME)";
				SWIFT_VERSION = 4.0;
				TARGETED_DEVICE_FAMILY = "1,2";
			};
			name = Debug;
		};
		68B67FF721B8278C00A37C5A /* Release */ = {
			isa = XCBuildConfiguration;
			buildSettings = {
				ASSETCATALOG_COMPILER_APPICON_NAME = AppIcon;
				CODE_SIGN_STYLE = Automatic;
				INFOPLIST_FILE = FeedMe/Info.plist;
				LD_RUNPATH_SEARCH_PATHS = (
					"$(inherited)",
					"@executable_path/Frameworks",
				);
				PRODUCT_BUNDLE_IDENTIFIER = com.onur.FeedMe;
				PRODUCT_NAME = "$(TARGET_NAME)";
				SWIFT_VERSION = 4.0;
				TARGETED_DEVICE_FAMILY = "1,2";
			};
			name = Release;
		};
/* End XCBuildConfiguration section */

/* Begin XCConfigurationList section */
		68B67FD821B8278A00A37C5A /* Build configuration list for PBXProject "FeedMe" */ = {
			isa = XCConfigurationList;
			buildConfigurations = (
				68B67FF321B8278C00A37C5A /* Debug */,
				68B67FF421B8278C00A37C5A /* Release */,
			);
			defaultConfigurationIsVisible = 0;
			defaultConfigurationName = Release;
		};
		68B67FF521B8278C00A37C5A /* Build configuration list for PBXNativeTarget "FeedMe" */ = {
			isa = XCConfigurationList;
			buildConfigurations = (
				68B67FF621B8278C00A37C5A /* Debug */,
				68B67FF721B8278C00A37C5A /* Release */,
			);
			defaultConfigurationIsVisible = 0;
			defaultConfigurationName = Release;
		};
/* End XCConfigurationList section */
	};
	rootObject = 68B67FD521B8278A00A37C5A /* Project object */;
}
